{
  "nodes": {
    "nixCats": {
      "locked": {
        "lastModified": 1738991100,
        "narHash": "sha256-smTBsgrpagQrPWnOSq4wcz1Q1UJ4denBNPmBAJN2Ol4=",
        "owner": "BirdeeHub",
        "repo": "nixCats-nvim",
        "rev": "54e2cc42dbefb9e152d9584794f5d8d94a20a534",
        "type": "github"
      },
      "original": {
        "owner": "BirdeeHub",
        "repo": "nixCats-nvim",
        "type": "github"
      }
    },
    "nixpkgs": {
      "locked": {
        "lastModified": 1740019556,
        "narHash": "sha256-vn285HxnnlHLWnv59Og7muqECNMS33mWLM14soFIv2g=",
        "owner": "nixos",
        "repo": "nixpkgs",
        "rev": "dad564433178067be1fbdfcce23b546254b6d641",
        "type": "github"
      },
      "original": {
        "owner": "nixos",
        "ref": "nixpkgs-unstable",
        "repo": "nixpkgs",
        "type": "github"
      }
    },
    "plugins-eagle-nvim": {
      "flake": false,
      "locked": {
        "lastModified": 1732549102,
        "narHash": "sha256-0kZNyYY9L87ndUL6u9eSokJoDwS9Fd0XGDgTR77VbRM=",
        "owner": "soulis-1256",
        "repo": "eagle.nvim",
        "rev": "4105db74a1a0809b968661ec8d8531724fc66241",
        "type": "github"
      },
      "original": {
        "owner": "soulis-1256",
        "repo": "eagle.nvim",
        "type": "github"
      }
    },
    "plugins-snacks-nvim": {
      "flake": false,
      "locked": {
        "lastModified": 1740207846,
        "narHash": "sha256-36RF5JXUPP24yDsfu7u55y8O0sq8G/dIm0q4nTfAoKk=",
        "owner": "folke",
        "repo": "snacks.nvim",
        "rev": "b100c937177536cf2aa634ddd2aa5b8a1dd23ace",
        "type": "github"
      },
      "original": {
        "owner": "folke",
        "repo": "snacks.nvim",
        "type": "github"
      }
    },
    "root": {
      "inputs": {
        "nixCats": "nixCats",
        "nixpkgs": "nixpkgs",
        "plugins-eagle-nvim": "plugins-eagle-nvim",
        "plugins-snacks-nvim": "plugins-snacks-nvim"
      }
    }
  },
  "root": "root",
  "version": 7
}
