{
  "nodes": {
    "nixCats": {
      "locked": {
        "lastModified": 1731435546,
        "narHash": "sha256-LM/9mRLAADfkYCHz1RLomy+pSG1MK0RxcKIUfsP096k=",
        "owner": "BirdeeHub",
        "repo": "nixCats-nvim",
        "rev": "d6dbf1c905a264b725391f44e2423b972ebfa572",
        "type": "github"
      },
      "original": {
        "owner": "BirdeeHub",
        "repo": "nixCats-nvim",
        "type": "github"
      }
    },
    "nixpkgs": {
      "locked": {
        "lastModified": 1731245184,
        "narHash": "sha256-vmLS8+x+gHRv1yzj3n+GTAEObwmhxmkkukB2DwtJRdU=",
        "owner": "nixos",
        "repo": "nixpkgs",
        "rev": "aebe249544837ce42588aa4b2e7972222ba12e8f",
        "type": "github"
      },
      "original": {
        "owner": "nixos",
        "ref": "nixpkgs-unstable",
        "repo": "nixpkgs",
        "type": "github"
      }
    },
    "plugins-eagle-nvim": {
      "flake": false,
      "locked": {
        "lastModified": 1730074768,
        "narHash": "sha256-MkNmphWhLVIw/EHh1GrGjVqrVJsKpE0R0VtHHiwhG1o=",
        "owner": "soulis-1256",
        "repo": "eagle.nvim",
        "rev": "e42dbd42b73b10fdf12fd06172e116cdb6637537",
        "type": "github"
      },
      "original": {
        "owner": "soulis-1256",
        "repo": "eagle.nvim",
        "type": "github"
      }
    },
    "root": {
      "inputs": {
        "nixCats": "nixCats",
        "nixpkgs": "nixpkgs",
        "plugins-eagle-nvim": "plugins-eagle-nvim"
      }
    }
  },
  "root": "root",
  "version": 7
}
